
Microsoft Visual Studio Solution File, Format Version 12.00
# Visual Studio Version 16
VisualStudioVersion = 16.0.30114.105
MinimumVisualStudioVersion = 10.0.40219.1
Project("{2150E333-8FDC-42A3-9474-1A3956D46DE8}") = "src", "src", "{8C4B0F32-7C73-4C83-80AF-CDD992121D3D}"
EndProject
Project("{FAE04EC0-301F-11D3-BF4B-00C04F79EFBC}") = "Authoring.Abstractions", "src\Authoring.Abstractions\Authoring.Abstractions.csproj", "{A506ADEE-0136-4A7B-B3C8-0D23C176F4DE}"
EndProject
Project("{FAE04EC0-301F-11D3-BF4B-00C04F79EFBC}") = "Authoring.Core", "src\Authoring.Core\Authoring.Core.csproj", "{1249D39D-0F0F-494F-8235-0D52391E1191}"
EndProject
Project("{FAE04EC0-301F-11D3-BF4B-00C04F79EFBC}") = "Authoring.GraphQL", "src\Authoring.GraphQL\Authoring.GraphQL.csproj", "{2DB94CB0-DFAB-4E41-9186-EC6A32ED6DCA}"
EndProject
Project("{FAE04EC0-301F-11D3-BF4B-00C04F79EFBC}") = "Authoring.Host", "src\Authoring.Host\Authoring.Host.csproj", "{F52CC293-9E1A-4CEA-991E-97CD69072252}"
EndProject
Project("{FAE04EC0-301F-11D3-BF4B-00C04F79EFBC}") = "Authoring.Store.Mongo", "src\Authoring.Store.Mongo\Authoring.Store.Mongo.csproj", "{BFCD9EE9-CC65-45C3-A63D-C80DB2B15F7C}"
EndProject
Project("{FAE04EC0-301F-11D3-BF4B-00C04F79EFBC}") = "CryptoProviders.AzureKeyVault", "src\CryptoProviders.AzureKeyVault\CryptoProviders.AzureKeyVault.csproj", "{D057CDF7-0E83-4350-BDCE-E3117D8D9B22}"
EndProject
Project("{FAE04EC0-301F-11D3-BF4B-00C04F79EFBC}") = "Vault.Abstractions", "src\Vault.Abstractions\Vault.Abstractions.csproj", "{A4574E13-2DB6-4C01-A504-DA8D9FE752DA}"
EndProject
Project("{FAE04EC0-301F-11D3-BF4B-00C04F79EFBC}") = "Vault.Core", "src\Vault.Core\Vault.Core.csproj", "{F43C054D-E710-4E06-9E8E-FB8C856EFFD1}"
EndProject
Project("{FAE04EC0-301F-11D3-BF4B-00C04F79EFBC}") = "Vault.Host", "src\Vault.Host\Vault.Host.csproj", "{284E4508-3998-4E50-9C0B-356BB1CBBBDD}"
EndProject
Project("{FAE04EC0-301F-11D3-BF4B-00C04F79EFBC}") = "Vault.Store.Mongo", "src\Vault.Store.Mongo\Vault.Store.Mongo.csproj", "{4BF19DEF-AF44-4D36-AEF5-B7DD4350E159}"
EndProject
Project("{2150E333-8FDC-42A3-9474-1A3956D46DE8}") = "test", "test", "{D40302DA-D28B-4601-BD53-3A7D4405826B}"
EndProject
Project("{FAE04EC0-301F-11D3-BF4B-00C04F79EFBC}") = "Authoring.GraphQL.Tests", "test\Authoring.GraphQL.Tests\Authoring.GraphQL.Tests.csproj", "{3BF9D8FE-6B10-42CA-A08C-9F2FB13285A9}"
EndProject
Project("{FAE04EC0-301F-11D3-BF4B-00C04F79EFBC}") = "Authoring.Store.Mongo.Tests", "test\Authoring.Store.Mongo.Tests\Authoring.Store.Mongo.Tests.csproj", "{FDB653A4-4100-43E8-B7DA-C38B3E71A798}"
EndProject
Project("{FAE04EC0-301F-11D3-BF4B-00C04F79EFBC}") = "CryptoProviders.AzureKeyVault.Tests", "test\CryptoProviders.AzureKeyVault.Tests\CryptoProviders.AzureKeyVault.Tests.csproj", "{994DB74E-6C91-49EE-BA88-1E4E0D89CD66}"
EndProject
Project("{FAE04EC0-301F-11D3-BF4B-00C04F79EFBC}") = "Vault.Client", "src\Vault.Client\Vault.Client.csproj", "{649B20F5-77C9-4267-BC4D-485F5B2D8F5A}"
EndProject
Project("{FAE04EC0-301F-11D3-BF4B-00C04F79EFBC}") = "Vault.Console", "src\Vault.Console\Vault.Console.csproj", "{20556A37-AC0F-4B9A-82F9-55E7C46C1F45}"
EndProject
Project("{FAE04EC0-301F-11D3-BF4B-00C04F79EFBC}") = "CryptoProviders.Abstractions", "src\CryptoProviders.Abstractions\CryptoProviders.Abstractions.csproj", "{FC46F33D-0F44-4322-B355-32C7C6AF373F}"
EndProject
Project("{FAE04EC0-301F-11D3-BF4B-00C04F79EFBC}") = "Tooling", "src\Tooling\Tooling.csproj", "{05E75381-856B-4A2D-8E18-EAC26C183F87}"
EndProject
Project("{FAE04EC0-301F-11D3-BF4B-00C04F79EFBC}") = "Authentication", "src\Authentication\Authentication.csproj", "{9B937D0D-8AA0-4CEF-AB48-EA744C7EAE6A}"
EndProject
Project("{FAE04EC0-301F-11D3-BF4B-00C04F79EFBC}") = "Common", "src\Common\Common.csproj", "{6AF6D599-7576-4CB2-956A-E7751827CD88}"
EndProject
Project("{FAE04EC0-301F-11D3-BF4B-00C04F79EFBC}") = "Vault.Authentication", "src\Vault.Authentication\Vault.Authentication.csproj", "{B22C422D-23D7-44AA-B2DD-02E567FF0CB6}"
EndProject
Project("{FAE04EC0-301F-11D3-BF4B-00C04F79EFBC}") = "CryptoProviders.Mongo", "src\CryptoProviders.Mongo\CryptoProviders.Mongo.csproj", "{34CC3547-884A-4A2B-BB44-BA15E348B611}"
EndProject
Project("{FAE04EC0-301F-11D3-BF4B-00C04F79EFBC}") = "Vault", "src\Vault\Vault.csproj", "{71CC3116-685B-49E3-92B6-6D3395CF69BC}"
EndProject
Project("{FAE04EC0-301F-11D3-BF4B-00C04F79EFBC}") = "Authoring", "src\Authoring\Authoring.csproj", "{682C974D-A914-4311-892C-808EAF357058}"
EndProject
Project("{FAE04EC0-301F-11D3-BF4B-00C04F79EFBC}") = "Authoring.UI", "src\Authoring.UI\Authoring.UI.csproj", "{E1B95AA9-7E34-421E-A572-6F02C4F0F093}"
EndProject
Project("{FAE04EC0-301F-11D3-BF4B-00C04F79EFBC}") = "Vault.Configuration", "src\Vault.Configuration\Vault.Configuration.csproj", "{1886278C-9FBE-442E-8316-91C3CED32269}"
EndProject
Project("{FAE04EC0-301F-11D3-BF4B-00C04F79EFBC}") = "Authoring.Messaging", "src\Authoring.Messaging\Authoring.Messaging.csproj", "{B95D8BBC-C494-4865-9A0C-4FBCFA44C706}"
EndProject
Project("{FAE04EC0-301F-11D3-BF4B-00C04F79EFBC}") = "Messaging.RabbitMQ", "src\Messaging.RabbitMQ\Messaging.RabbitMQ.csproj", "{49EA8FF4-F385-45F4-AB6D-5259A2C25FAA}"
EndProject
Project("{FAE04EC0-301F-11D3-BF4B-00C04F79EFBC}") = "Messaging.ServiceBus", "src\Messaging.ServiceBus\Messaging.ServiceBus.csproj", "{C44BD415-E7A1-41C2-83C9-CDEA69750186}"
EndProject
Project("{FAE04EC0-301F-11D3-BF4B-00C04F79EFBC}") = "Messaging", "src\Messaging\Messaging.csproj", "{8C528DB1-D49E-4B82-9810-5BFACEECDB19}"
EndProject
Project("{FAE04EC0-301F-11D3-BF4B-00C04F79EFBC}") = "Vault.Messaging", "src\Vault.Messaging\Vault.Messaging.csproj", "{2AE03515-EAF1-4849-B85F-E0A11F8DC7CA}"
EndProject
Project("{FAE04EC0-301F-11D3-BF4B-00C04F79EFBC}") = "CryptoProviders", "src\CryptoProviders\CryptoProviders.csproj", "{94741D84-65A2-453F-A037-0B5C46287244}"
EndProject
Project("{FAE04EC0-301F-11D3-BF4B-00C04F79EFBC}") = "Samples.Host", "src\Samples.Host\Samples.Host.csproj", "{3957135B-E458-44D1-9C9B-9D7AD6220638}"
EndProject
Global
	GlobalSection(SolutionConfigurationPlatforms) = preSolution
		Debug|Any CPU = Debug|Any CPU
		Release|Any CPU = Release|Any CPU
	EndGlobalSection
	GlobalSection(SolutionProperties) = preSolution
		HideSolutionNode = FALSE
	EndGlobalSection
	GlobalSection(ProjectConfigurationPlatforms) = postSolution
		{A506ADEE-0136-4A7B-B3C8-0D23C176F4DE}.Debug|Any CPU.ActiveCfg = Debug|Any CPU
		{A506ADEE-0136-4A7B-B3C8-0D23C176F4DE}.Debug|Any CPU.Build.0 = Debug|Any CPU
		{A506ADEE-0136-4A7B-B3C8-0D23C176F4DE}.Release|Any CPU.ActiveCfg = Release|Any CPU
		{A506ADEE-0136-4A7B-B3C8-0D23C176F4DE}.Release|Any CPU.Build.0 = Release|Any CPU
		{1249D39D-0F0F-494F-8235-0D52391E1191}.Debug|Any CPU.ActiveCfg = Debug|Any CPU
		{1249D39D-0F0F-494F-8235-0D52391E1191}.Debug|Any CPU.Build.0 = Debug|Any CPU
		{1249D39D-0F0F-494F-8235-0D52391E1191}.Release|Any CPU.ActiveCfg = Release|Any CPU
		{1249D39D-0F0F-494F-8235-0D52391E1191}.Release|Any CPU.Build.0 = Release|Any CPU
		{2DB94CB0-DFAB-4E41-9186-EC6A32ED6DCA}.Debug|Any CPU.ActiveCfg = Debug|Any CPU
		{2DB94CB0-DFAB-4E41-9186-EC6A32ED6DCA}.Debug|Any CPU.Build.0 = Debug|Any CPU
		{2DB94CB0-DFAB-4E41-9186-EC6A32ED6DCA}.Release|Any CPU.ActiveCfg = Release|Any CPU
		{2DB94CB0-DFAB-4E41-9186-EC6A32ED6DCA}.Release|Any CPU.Build.0 = Release|Any CPU
		{F52CC293-9E1A-4CEA-991E-97CD69072252}.Debug|Any CPU.ActiveCfg = Debug|Any CPU
		{F52CC293-9E1A-4CEA-991E-97CD69072252}.Debug|Any CPU.Build.0 = Debug|Any CPU
		{F52CC293-9E1A-4CEA-991E-97CD69072252}.Release|Any CPU.ActiveCfg = Release|Any CPU
		{F52CC293-9E1A-4CEA-991E-97CD69072252}.Release|Any CPU.Build.0 = Release|Any CPU
		{BFCD9EE9-CC65-45C3-A63D-C80DB2B15F7C}.Debug|Any CPU.ActiveCfg = Debug|Any CPU
		{BFCD9EE9-CC65-45C3-A63D-C80DB2B15F7C}.Debug|Any CPU.Build.0 = Debug|Any CPU
		{BFCD9EE9-CC65-45C3-A63D-C80DB2B15F7C}.Release|Any CPU.ActiveCfg = Release|Any CPU
		{BFCD9EE9-CC65-45C3-A63D-C80DB2B15F7C}.Release|Any CPU.Build.0 = Release|Any CPU
		{D057CDF7-0E83-4350-BDCE-E3117D8D9B22}.Debug|Any CPU.ActiveCfg = Debug|Any CPU
		{D057CDF7-0E83-4350-BDCE-E3117D8D9B22}.Debug|Any CPU.Build.0 = Debug|Any CPU
		{D057CDF7-0E83-4350-BDCE-E3117D8D9B22}.Release|Any CPU.ActiveCfg = Release|Any CPU
		{D057CDF7-0E83-4350-BDCE-E3117D8D9B22}.Release|Any CPU.Build.0 = Release|Any CPU
		{A4574E13-2DB6-4C01-A504-DA8D9FE752DA}.Debug|Any CPU.ActiveCfg = Debug|Any CPU
		{A4574E13-2DB6-4C01-A504-DA8D9FE752DA}.Debug|Any CPU.Build.0 = Debug|Any CPU
		{A4574E13-2DB6-4C01-A504-DA8D9FE752DA}.Release|Any CPU.ActiveCfg = Release|Any CPU
		{A4574E13-2DB6-4C01-A504-DA8D9FE752DA}.Release|Any CPU.Build.0 = Release|Any CPU
		{F43C054D-E710-4E06-9E8E-FB8C856EFFD1}.Debug|Any CPU.ActiveCfg = Debug|Any CPU
		{F43C054D-E710-4E06-9E8E-FB8C856EFFD1}.Debug|Any CPU.Build.0 = Debug|Any CPU
		{F43C054D-E710-4E06-9E8E-FB8C856EFFD1}.Release|Any CPU.ActiveCfg = Release|Any CPU
		{F43C054D-E710-4E06-9E8E-FB8C856EFFD1}.Release|Any CPU.Build.0 = Release|Any CPU
		{284E4508-3998-4E50-9C0B-356BB1CBBBDD}.Debug|Any CPU.ActiveCfg = Debug|Any CPU
		{284E4508-3998-4E50-9C0B-356BB1CBBBDD}.Debug|Any CPU.Build.0 = Debug|Any CPU
		{284E4508-3998-4E50-9C0B-356BB1CBBBDD}.Release|Any CPU.ActiveCfg = Release|Any CPU
		{284E4508-3998-4E50-9C0B-356BB1CBBBDD}.Release|Any CPU.Build.0 = Release|Any CPU
		{4BF19DEF-AF44-4D36-AEF5-B7DD4350E159}.Debug|Any CPU.ActiveCfg = Debug|Any CPU
		{4BF19DEF-AF44-4D36-AEF5-B7DD4350E159}.Debug|Any CPU.Build.0 = Debug|Any CPU
		{4BF19DEF-AF44-4D36-AEF5-B7DD4350E159}.Release|Any CPU.ActiveCfg = Release|Any CPU
		{4BF19DEF-AF44-4D36-AEF5-B7DD4350E159}.Release|Any CPU.Build.0 = Release|Any CPU
		{3BF9D8FE-6B10-42CA-A08C-9F2FB13285A9}.Debug|Any CPU.ActiveCfg = Debug|Any CPU
		{3BF9D8FE-6B10-42CA-A08C-9F2FB13285A9}.Debug|Any CPU.Build.0 = Debug|Any CPU
		{3BF9D8FE-6B10-42CA-A08C-9F2FB13285A9}.Release|Any CPU.ActiveCfg = Release|Any CPU
		{3BF9D8FE-6B10-42CA-A08C-9F2FB13285A9}.Release|Any CPU.Build.0 = Release|Any CPU
		{FDB653A4-4100-43E8-B7DA-C38B3E71A798}.Debug|Any CPU.ActiveCfg = Debug|Any CPU
		{FDB653A4-4100-43E8-B7DA-C38B3E71A798}.Debug|Any CPU.Build.0 = Debug|Any CPU
		{FDB653A4-4100-43E8-B7DA-C38B3E71A798}.Release|Any CPU.ActiveCfg = Release|Any CPU
		{FDB653A4-4100-43E8-B7DA-C38B3E71A798}.Release|Any CPU.Build.0 = Release|Any CPU
		{994DB74E-6C91-49EE-BA88-1E4E0D89CD66}.Debug|Any CPU.ActiveCfg = Debug|Any CPU
		{994DB74E-6C91-49EE-BA88-1E4E0D89CD66}.Debug|Any CPU.Build.0 = Debug|Any CPU
		{994DB74E-6C91-49EE-BA88-1E4E0D89CD66}.Release|Any CPU.ActiveCfg = Release|Any CPU
		{994DB74E-6C91-49EE-BA88-1E4E0D89CD66}.Release|Any CPU.Build.0 = Release|Any CPU
		{649B20F5-77C9-4267-BC4D-485F5B2D8F5A}.Debug|Any CPU.ActiveCfg = Debug|Any CPU
		{649B20F5-77C9-4267-BC4D-485F5B2D8F5A}.Debug|Any CPU.Build.0 = Debug|Any CPU
		{649B20F5-77C9-4267-BC4D-485F5B2D8F5A}.Release|Any CPU.ActiveCfg = Release|Any CPU
		{649B20F5-77C9-4267-BC4D-485F5B2D8F5A}.Release|Any CPU.Build.0 = Release|Any CPU
		{20556A37-AC0F-4B9A-82F9-55E7C46C1F45}.Debug|Any CPU.ActiveCfg = Debug|Any CPU
		{20556A37-AC0F-4B9A-82F9-55E7C46C1F45}.Debug|Any CPU.Build.0 = Debug|Any CPU
		{20556A37-AC0F-4B9A-82F9-55E7C46C1F45}.Release|Any CPU.ActiveCfg = Release|Any CPU
		{20556A37-AC0F-4B9A-82F9-55E7C46C1F45}.Release|Any CPU.Build.0 = Release|Any CPU
		{FC46F33D-0F44-4322-B355-32C7C6AF373F}.Debug|Any CPU.ActiveCfg = Debug|Any CPU
		{FC46F33D-0F44-4322-B355-32C7C6AF373F}.Debug|Any CPU.Build.0 = Debug|Any CPU
		{FC46F33D-0F44-4322-B355-32C7C6AF373F}.Release|Any CPU.ActiveCfg = Release|Any CPU
		{FC46F33D-0F44-4322-B355-32C7C6AF373F}.Release|Any CPU.Build.0 = Release|Any CPU
		{05E75381-856B-4A2D-8E18-EAC26C183F87}.Debug|Any CPU.ActiveCfg = Debug|Any CPU
		{05E75381-856B-4A2D-8E18-EAC26C183F87}.Debug|Any CPU.Build.0 = Debug|Any CPU
		{05E75381-856B-4A2D-8E18-EAC26C183F87}.Release|Any CPU.ActiveCfg = Release|Any CPU
		{05E75381-856B-4A2D-8E18-EAC26C183F87}.Release|Any CPU.Build.0 = Release|Any CPU
		{9B937D0D-8AA0-4CEF-AB48-EA744C7EAE6A}.Debug|Any CPU.ActiveCfg = Debug|Any CPU
		{9B937D0D-8AA0-4CEF-AB48-EA744C7EAE6A}.Debug|Any CPU.Build.0 = Debug|Any CPU
		{9B937D0D-8AA0-4CEF-AB48-EA744C7EAE6A}.Release|Any CPU.ActiveCfg = Release|Any CPU
		{9B937D0D-8AA0-4CEF-AB48-EA744C7EAE6A}.Release|Any CPU.Build.0 = Release|Any CPU
		{6AF6D599-7576-4CB2-956A-E7751827CD88}.Debug|Any CPU.ActiveCfg = Debug|Any CPU
		{6AF6D599-7576-4CB2-956A-E7751827CD88}.Debug|Any CPU.Build.0 = Debug|Any CPU
		{6AF6D599-7576-4CB2-956A-E7751827CD88}.Release|Any CPU.ActiveCfg = Release|Any CPU
		{6AF6D599-7576-4CB2-956A-E7751827CD88}.Release|Any CPU.Build.0 = Release|Any CPU
		{B22C422D-23D7-44AA-B2DD-02E567FF0CB6}.Debug|Any CPU.ActiveCfg = Debug|Any CPU
		{B22C422D-23D7-44AA-B2DD-02E567FF0CB6}.Debug|Any CPU.Build.0 = Debug|Any CPU
		{B22C422D-23D7-44AA-B2DD-02E567FF0CB6}.Release|Any CPU.ActiveCfg = Release|Any CPU
		{B22C422D-23D7-44AA-B2DD-02E567FF0CB6}.Release|Any CPU.Build.0 = Release|Any CPU
		{34CC3547-884A-4A2B-BB44-BA15E348B611}.Debug|Any CPU.ActiveCfg = Debug|Any CPU
		{34CC3547-884A-4A2B-BB44-BA15E348B611}.Debug|Any CPU.Build.0 = Debug|Any CPU
		{34CC3547-884A-4A2B-BB44-BA15E348B611}.Release|Any CPU.ActiveCfg = Release|Any CPU
		{34CC3547-884A-4A2B-BB44-BA15E348B611}.Release|Any CPU.Build.0 = Release|Any CPU
		{71CC3116-685B-49E3-92B6-6D3395CF69BC}.Debug|Any CPU.ActiveCfg = Debug|Any CPU
		{71CC3116-685B-49E3-92B6-6D3395CF69BC}.Debug|Any CPU.Build.0 = Debug|Any CPU
		{71CC3116-685B-49E3-92B6-6D3395CF69BC}.Release|Any CPU.ActiveCfg = Release|Any CPU
		{71CC3116-685B-49E3-92B6-6D3395CF69BC}.Release|Any CPU.Build.0 = Release|Any CPU
		{682C974D-A914-4311-892C-808EAF357058}.Debug|Any CPU.ActiveCfg = Debug|Any CPU
		{682C974D-A914-4311-892C-808EAF357058}.Debug|Any CPU.Build.0 = Debug|Any CPU
		{682C974D-A914-4311-892C-808EAF357058}.Release|Any CPU.ActiveCfg = Release|Any CPU
		{682C974D-A914-4311-892C-808EAF357058}.Release|Any CPU.Build.0 = Release|Any CPU
		{E1B95AA9-7E34-421E-A572-6F02C4F0F093}.Debug|Any CPU.ActiveCfg = Debug|Any CPU
		{E1B95AA9-7E34-421E-A572-6F02C4F0F093}.Debug|Any CPU.Build.0 = Debug|Any CPU
		{E1B95AA9-7E34-421E-A572-6F02C4F0F093}.Release|Any CPU.ActiveCfg = Release|Any CPU
		{E1B95AA9-7E34-421E-A572-6F02C4F0F093}.Release|Any CPU.Build.0 = Release|Any CPU
		{1886278C-9FBE-442E-8316-91C3CED32269}.Debug|Any CPU.ActiveCfg = Debug|Any CPU
		{1886278C-9FBE-442E-8316-91C3CED32269}.Debug|Any CPU.Build.0 = Debug|Any CPU
		{1886278C-9FBE-442E-8316-91C3CED32269}.Release|Any CPU.ActiveCfg = Release|Any CPU
		{1886278C-9FBE-442E-8316-91C3CED32269}.Release|Any CPU.Build.0 = Release|Any CPU
		{B95D8BBC-C494-4865-9A0C-4FBCFA44C706}.Debug|Any CPU.ActiveCfg = Debug|Any CPU
		{B95D8BBC-C494-4865-9A0C-4FBCFA44C706}.Debug|Any CPU.Build.0 = Debug|Any CPU
		{B95D8BBC-C494-4865-9A0C-4FBCFA44C706}.Release|Any CPU.ActiveCfg = Release|Any CPU
		{B95D8BBC-C494-4865-9A0C-4FBCFA44C706}.Release|Any CPU.Build.0 = Release|Any CPU
		{49EA8FF4-F385-45F4-AB6D-5259A2C25FAA}.Debug|Any CPU.ActiveCfg = Debug|Any CPU
		{49EA8FF4-F385-45F4-AB6D-5259A2C25FAA}.Debug|Any CPU.Build.0 = Debug|Any CPU
		{49EA8FF4-F385-45F4-AB6D-5259A2C25FAA}.Release|Any CPU.ActiveCfg = Release|Any CPU
		{49EA8FF4-F385-45F4-AB6D-5259A2C25FAA}.Release|Any CPU.Build.0 = Release|Any CPU
		{C44BD415-E7A1-41C2-83C9-CDEA69750186}.Debug|Any CPU.ActiveCfg = Debug|Any CPU
		{C44BD415-E7A1-41C2-83C9-CDEA69750186}.Debug|Any CPU.Build.0 = Debug|Any CPU
		{C44BD415-E7A1-41C2-83C9-CDEA69750186}.Release|Any CPU.ActiveCfg = Release|Any CPU
		{C44BD415-E7A1-41C2-83C9-CDEA69750186}.Release|Any CPU.Build.0 = Release|Any CPU
		{8C528DB1-D49E-4B82-9810-5BFACEECDB19}.Debug|Any CPU.ActiveCfg = Debug|Any CPU
		{8C528DB1-D49E-4B82-9810-5BFACEECDB19}.Debug|Any CPU.Build.0 = Debug|Any CPU
		{8C528DB1-D49E-4B82-9810-5BFACEECDB19}.Release|Any CPU.ActiveCfg = Release|Any CPU
		{8C528DB1-D49E-4B82-9810-5BFACEECDB19}.Release|Any CPU.Build.0 = Release|Any CPU
		{2AE03515-EAF1-4849-B85F-E0A11F8DC7CA}.Debug|Any CPU.ActiveCfg = Debug|Any CPU
		{2AE03515-EAF1-4849-B85F-E0A11F8DC7CA}.Debug|Any CPU.Build.0 = Debug|Any CPU
		{2AE03515-EAF1-4849-B85F-E0A11F8DC7CA}.Release|Any CPU.ActiveCfg = Release|Any CPU
		{2AE03515-EAF1-4849-B85F-E0A11F8DC7CA}.Release|Any CPU.Build.0 = Release|Any CPU
		{94741D84-65A2-453F-A037-0B5C46287244}.Debug|Any CPU.ActiveCfg = Debug|Any CPU
		{94741D84-65A2-453F-A037-0B5C46287244}.Debug|Any CPU.Build.0 = Debug|Any CPU
		{94741D84-65A2-453F-A037-0B5C46287244}.Release|Any CPU.ActiveCfg = Release|Any CPU
		{94741D84-65A2-453F-A037-0B5C46287244}.Release|Any CPU.Build.0 = Release|Any CPU
		{3957135B-E458-44D1-9C9B-9D7AD6220638}.Debug|Any CPU.ActiveCfg = Debug|Any CPU
		{3957135B-E458-44D1-9C9B-9D7AD6220638}.Debug|Any CPU.Build.0 = Debug|Any CPU
		{3957135B-E458-44D1-9C9B-9D7AD6220638}.Release|Any CPU.ActiveCfg = Release|Any CPU
		{3957135B-E458-44D1-9C9B-9D7AD6220638}.Release|Any CPU.Build.0 = Release|Any CPU
	EndGlobalSection
	GlobalSection(NestedProjects) = preSolution
		{A506ADEE-0136-4A7B-B3C8-0D23C176F4DE} = {8C4B0F32-7C73-4C83-80AF-CDD992121D3D}
		{1249D39D-0F0F-494F-8235-0D52391E1191} = {8C4B0F32-7C73-4C83-80AF-CDD992121D3D}
		{2DB94CB0-DFAB-4E41-9186-EC6A32ED6DCA} = {8C4B0F32-7C73-4C83-80AF-CDD992121D3D}
		{F52CC293-9E1A-4CEA-991E-97CD69072252} = {8C4B0F32-7C73-4C83-80AF-CDD992121D3D}
		{BFCD9EE9-CC65-45C3-A63D-C80DB2B15F7C} = {8C4B0F32-7C73-4C83-80AF-CDD992121D3D}
		{D057CDF7-0E83-4350-BDCE-E3117D8D9B22} = {8C4B0F32-7C73-4C83-80AF-CDD992121D3D}
		{A4574E13-2DB6-4C01-A504-DA8D9FE752DA} = {8C4B0F32-7C73-4C83-80AF-CDD992121D3D}
		{F43C054D-E710-4E06-9E8E-FB8C856EFFD1} = {8C4B0F32-7C73-4C83-80AF-CDD992121D3D}
		{284E4508-3998-4E50-9C0B-356BB1CBBBDD} = {8C4B0F32-7C73-4C83-80AF-CDD992121D3D}
		{4BF19DEF-AF44-4D36-AEF5-B7DD4350E159} = {8C4B0F32-7C73-4C83-80AF-CDD992121D3D}
		{3BF9D8FE-6B10-42CA-A08C-9F2FB13285A9} = {D40302DA-D28B-4601-BD53-3A7D4405826B}
		{FDB653A4-4100-43E8-B7DA-C38B3E71A798} = {D40302DA-D28B-4601-BD53-3A7D4405826B}
		{994DB74E-6C91-49EE-BA88-1E4E0D89CD66} = {D40302DA-D28B-4601-BD53-3A7D4405826B}
		{649B20F5-77C9-4267-BC4D-485F5B2D8F5A} = {8C4B0F32-7C73-4C83-80AF-CDD992121D3D}
		{20556A37-AC0F-4B9A-82F9-55E7C46C1F45} = {8C4B0F32-7C73-4C83-80AF-CDD992121D3D}
		{FC46F33D-0F44-4322-B355-32C7C6AF373F} = {8C4B0F32-7C73-4C83-80AF-CDD992121D3D}
		{05E75381-856B-4A2D-8E18-EAC26C183F87} = {8C4B0F32-7C73-4C83-80AF-CDD992121D3D}
		{9B937D0D-8AA0-4CEF-AB48-EA744C7EAE6A} = {8C4B0F32-7C73-4C83-80AF-CDD992121D3D}
		{6AF6D599-7576-4CB2-956A-E7751827CD88} = {8C4B0F32-7C73-4C83-80AF-CDD992121D3D}
		{B22C422D-23D7-44AA-B2DD-02E567FF0CB6} = {8C4B0F32-7C73-4C83-80AF-CDD992121D3D}
		{34CC3547-884A-4A2B-BB44-BA15E348B611} = {8C4B0F32-7C73-4C83-80AF-CDD992121D3D}
		{71CC3116-685B-49E3-92B6-6D3395CF69BC} = {8C4B0F32-7C73-4C83-80AF-CDD992121D3D}
		{682C974D-A914-4311-892C-808EAF357058} = {8C4B0F32-7C73-4C83-80AF-CDD992121D3D}
		{E1B95AA9-7E34-421E-A572-6F02C4F0F093} = {8C4B0F32-7C73-4C83-80AF-CDD992121D3D}
		{1886278C-9FBE-442E-8316-91C3CED32269} = {8C4B0F32-7C73-4C83-80AF-CDD992121D3D}
		{B95D8BBC-C494-4865-9A0C-4FBCFA44C706} = {8C4B0F32-7C73-4C83-80AF-CDD992121D3D}
		{49EA8FF4-F385-45F4-AB6D-5259A2C25FAA} = {8C4B0F32-7C73-4C83-80AF-CDD992121D3D}
		{C44BD415-E7A1-41C2-83C9-CDEA69750186} = {8C4B0F32-7C73-4C83-80AF-CDD992121D3D}
		{8C528DB1-D49E-4B82-9810-5BFACEECDB19} = {8C4B0F32-7C73-4C83-80AF-CDD992121D3D}
		{2AE03515-EAF1-4849-B85F-E0A11F8DC7CA} = {8C4B0F32-7C73-4C83-80AF-CDD992121D3D}
		{94741D84-65A2-453F-A037-0B5C46287244} = {8C4B0F32-7C73-4C83-80AF-CDD992121D3D}
		{3957135B-E458-44D1-9C9B-9D7AD6220638} = {8C4B0F32-7C73-4C83-80AF-CDD992121D3D}
	EndGlobalSection
EndGlobal
