
Microsoft Visual Studio Solution File, Format Version 12.00
# Visual Studio Version 16
VisualStudioVersion = 16.0.30114.105
MinimumVisualStudioVersion = 10.0.40219.1
Project("{2150E333-8FDC-42A3-9474-1A3956D46DE8}") = "src", "src", "{8C4B0F32-7C73-4C83-80AF-CDD992121D3D}"
EndProject
Project("{FAE04EC0-301F-11D3-BF4B-00C04F79EFBC}") = "Authoring.Abstractions", "src\Authoring.Abstractions\Authoring.Abstractions.csproj", "{A506ADEE-0136-4A7B-B3C8-0D23C176F4DE}"
EndProject
Project("{FAE04EC0-301F-11D3-BF4B-00C04F79EFBC}") = "Authoring.Core", "src\Authoring.Core\Authoring.Core.csproj", "{1249D39D-0F0F-494F-8235-0D52391E1191}"
EndProject
Project("{FAE04EC0-301F-11D3-BF4B-00C04F79EFBC}") = "Authoring.GraphQL", "src\Authoring.GraphQL\Authoring.GraphQL.csproj", "{2DB94CB0-DFAB-4E41-9186-EC6A32ED6DCA}"
EndProject
Project("{FAE04EC0-301F-11D3-BF4B-00C04F79EFBC}") = "Authoring.Host", "src\Authoring.Host\Authoring.Host.csproj", "{F52CC293-9E1A-4CEA-991E-97CD69072252}"
EndProject
Project("{FAE04EC0-301F-11D3-BF4B-00C04F79EFBC}") = "Authoring.Store.Mongo", "src\Authoring.Store.Mongo\Authoring.Store.Mongo.csproj", "{BFCD9EE9-CC65-45C3-A63D-C80DB2B15F7C}"
EndProject
Project("{FAE04EC0-301F-11D3-BF4B-00C04F79EFBC}") = "CryptoProviders.AzureKeyVault", "src\CryptoProviders.AzureKeyVault\CryptoProviders.AzureKeyVault.csproj", "{D057CDF7-0E83-4350-BDCE-E3117D8D9B22}"
EndProject
Project("{FAE04EC0-301F-11D3-BF4B-00C04F79EFBC}") = "Vault.Abstractions", "src\Vault.Abstractions\Vault.Abstractions.csproj", "{A4574E13-2DB6-4C01-A504-DA8D9FE752DA}"
EndProject
Project("{FAE04EC0-301F-11D3-BF4B-00C04F79EFBC}") = "Vault.Core", "src\Vault.Core\Vault.Core.csproj", "{F43C054D-E710-4E06-9E8E-FB8C856EFFD1}"
EndProject
Project("{FAE04EC0-301F-11D3-BF4B-00C04F79EFBC}") = "Vault.Host", "src\Vault.Host\Vault.Host.csproj", "{284E4508-3998-4E50-9C0B-356BB1CBBBDD}"
EndProject
Project("{FAE04EC0-301F-11D3-BF4B-00C04F79EFBC}") = "Vault.Store.Mongo", "src\Vault.Store.Mongo\Vault.Store.Mongo.csproj", "{4BF19DEF-AF44-4D36-AEF5-B7DD4350E159}"
EndProject
Project("{2150E333-8FDC-42A3-9474-1A3956D46DE8}") = "test", "test", "{D40302DA-D28B-4601-BD53-3A7D4405826B}"
EndProject
Project("{FAE04EC0-301F-11D3-BF4B-00C04F79EFBC}") = "Authoring.GraphQL.Tests", "test\Authoring.GraphQL.Tests\Authoring.GraphQL.Tests.csproj", "{3BF9D8FE-6B10-42CA-A08C-9F2FB13285A9}"
EndProject
Project("{FAE04EC0-301F-11D3-BF4B-00C04F79EFBC}") = "Authoring.Store.Mongo.Tests", "test\Authoring.Store.Mongo.Tests\Authoring.Store.Mongo.Tests.csproj", "{FDB653A4-4100-43E8-B7DA-C38B3E71A798}"
EndProject
Project("{FAE04EC0-301F-11D3-BF4B-00C04F79EFBC}") = "CryptoProviders.AzureKeyVault.Tests", "test\CryptoProviders.AzureKeyVault.Tests\CryptoProviders.AzureKeyVault.Tests.csproj", "{994DB74E-6C91-49EE-BA88-1E4E0D89CD66}"
EndProject
Project("{FAE04EC0-301F-11D3-BF4B-00C04F79EFBC}") = "Vault.Client", "src\Vault.Client\Vault.Client.csproj", "{649B20F5-77C9-4267-BC4D-485F5B2D8F5A}"
EndProject
Project("{FAE04EC0-301F-11D3-BF4B-00C04F79EFBC}") = "Vault.Console", "src\Vault.Console\Vault.Console.csproj", "{20556A37-AC0F-4B9A-82F9-55E7C46C1F45}"
EndProject
Project("{FAE04EC0-301F-11D3-BF4B-00C04F79EFBC}") = "CryptoProviders.Mongo", "src\CryptoProviders.Mongo\CryptoProviders.Mongo.csproj", "{0F5A2B3E-A0D6-457D-9A29-B82AFACDD3D8}"
EndProject
Global
	GlobalSection(SolutionConfigurationPlatforms) = preSolution
		Debug|Any CPU = Debug|Any CPU
		Release|Any CPU = Release|Any CPU
	EndGlobalSection
	GlobalSection(SolutionProperties) = preSolution
		HideSolutionNode = FALSE
	EndGlobalSection
	GlobalSection(ProjectConfigurationPlatforms) = postSolution
		{A506ADEE-0136-4A7B-B3C8-0D23C176F4DE}.Debug|Any CPU.ActiveCfg = Debug|Any CPU
		{A506ADEE-0136-4A7B-B3C8-0D23C176F4DE}.Debug|Any CPU.Build.0 = Debug|Any CPU
		{A506ADEE-0136-4A7B-B3C8-0D23C176F4DE}.Release|Any CPU.ActiveCfg = Release|Any CPU
		{A506ADEE-0136-4A7B-B3C8-0D23C176F4DE}.Release|Any CPU.Build.0 = Release|Any CPU
		{1249D39D-0F0F-494F-8235-0D52391E1191}.Debug|Any CPU.ActiveCfg = Debug|Any CPU
		{1249D39D-0F0F-494F-8235-0D52391E1191}.Debug|Any CPU.Build.0 = Debug|Any CPU
		{1249D39D-0F0F-494F-8235-0D52391E1191}.Release|Any CPU.ActiveCfg = Release|Any CPU
		{1249D39D-0F0F-494F-8235-0D52391E1191}.Release|Any CPU.Build.0 = Release|Any CPU
		{2DB94CB0-DFAB-4E41-9186-EC6A32ED6DCA}.Debug|Any CPU.ActiveCfg = Debug|Any CPU
		{2DB94CB0-DFAB-4E41-9186-EC6A32ED6DCA}.Debug|Any CPU.Build.0 = Debug|Any CPU
		{2DB94CB0-DFAB-4E41-9186-EC6A32ED6DCA}.Release|Any CPU.ActiveCfg = Release|Any CPU
		{2DB94CB0-DFAB-4E41-9186-EC6A32ED6DCA}.Release|Any CPU.Build.0 = Release|Any CPU
		{F52CC293-9E1A-4CEA-991E-97CD69072252}.Debug|Any CPU.ActiveCfg = Debug|Any CPU
		{F52CC293-9E1A-4CEA-991E-97CD69072252}.Debug|Any CPU.Build.0 = Debug|Any CPU
		{F52CC293-9E1A-4CEA-991E-97CD69072252}.Release|Any CPU.ActiveCfg = Release|Any CPU
		{F52CC293-9E1A-4CEA-991E-97CD69072252}.Release|Any CPU.Build.0 = Release|Any CPU
		{BFCD9EE9-CC65-45C3-A63D-C80DB2B15F7C}.Debug|Any CPU.ActiveCfg = Debug|Any CPU
		{BFCD9EE9-CC65-45C3-A63D-C80DB2B15F7C}.Debug|Any CPU.Build.0 = Debug|Any CPU
		{BFCD9EE9-CC65-45C3-A63D-C80DB2B15F7C}.Release|Any CPU.ActiveCfg = Release|Any CPU
		{BFCD9EE9-CC65-45C3-A63D-C80DB2B15F7C}.Release|Any CPU.Build.0 = Release|Any CPU
		{D057CDF7-0E83-4350-BDCE-E3117D8D9B22}.Debug|Any CPU.ActiveCfg = Debug|Any CPU
		{D057CDF7-0E83-4350-BDCE-E3117D8D9B22}.Debug|Any CPU.Build.0 = Debug|Any CPU
		{D057CDF7-0E83-4350-BDCE-E3117D8D9B22}.Release|Any CPU.ActiveCfg = Release|Any CPU
		{D057CDF7-0E83-4350-BDCE-E3117D8D9B22}.Release|Any CPU.Build.0 = Release|Any CPU
		{A4574E13-2DB6-4C01-A504-DA8D9FE752DA}.Debug|Any CPU.ActiveCfg = Debug|Any CPU
		{A4574E13-2DB6-4C01-A504-DA8D9FE752DA}.Debug|Any CPU.Build.0 = Debug|Any CPU
		{A4574E13-2DB6-4C01-A504-DA8D9FE752DA}.Release|Any CPU.ActiveCfg = Release|Any CPU
		{A4574E13-2DB6-4C01-A504-DA8D9FE752DA}.Release|Any CPU.Build.0 = Release|Any CPU
		{F43C054D-E710-4E06-9E8E-FB8C856EFFD1}.Debug|Any CPU.ActiveCfg = Debug|Any CPU
		{F43C054D-E710-4E06-9E8E-FB8C856EFFD1}.Debug|Any CPU.Build.0 = Debug|Any CPU
		{F43C054D-E710-4E06-9E8E-FB8C856EFFD1}.Release|Any CPU.ActiveCfg = Release|Any CPU
		{F43C054D-E710-4E06-9E8E-FB8C856EFFD1}.Release|Any CPU.Build.0 = Release|Any CPU
		{284E4508-3998-4E50-9C0B-356BB1CBBBDD}.Debug|Any CPU.ActiveCfg = Debug|Any CPU
		{284E4508-3998-4E50-9C0B-356BB1CBBBDD}.Debug|Any CPU.Build.0 = Debug|Any CPU
		{284E4508-3998-4E50-9C0B-356BB1CBBBDD}.Release|Any CPU.ActiveCfg = Release|Any CPU
		{284E4508-3998-4E50-9C0B-356BB1CBBBDD}.Release|Any CPU.Build.0 = Release|Any CPU
		{4BF19DEF-AF44-4D36-AEF5-B7DD4350E159}.Debug|Any CPU.ActiveCfg = Debug|Any CPU
		{4BF19DEF-AF44-4D36-AEF5-B7DD4350E159}.Debug|Any CPU.Build.0 = Debug|Any CPU
		{4BF19DEF-AF44-4D36-AEF5-B7DD4350E159}.Release|Any CPU.ActiveCfg = Release|Any CPU
		{4BF19DEF-AF44-4D36-AEF5-B7DD4350E159}.Release|Any CPU.Build.0 = Release|Any CPU
		{3BF9D8FE-6B10-42CA-A08C-9F2FB13285A9}.Debug|Any CPU.ActiveCfg = Debug|Any CPU
		{3BF9D8FE-6B10-42CA-A08C-9F2FB13285A9}.Debug|Any CPU.Build.0 = Debug|Any CPU
		{3BF9D8FE-6B10-42CA-A08C-9F2FB13285A9}.Release|Any CPU.ActiveCfg = Release|Any CPU
		{3BF9D8FE-6B10-42CA-A08C-9F2FB13285A9}.Release|Any CPU.Build.0 = Release|Any CPU
		{FDB653A4-4100-43E8-B7DA-C38B3E71A798}.Debug|Any CPU.ActiveCfg = Debug|Any CPU
		{FDB653A4-4100-43E8-B7DA-C38B3E71A798}.Debug|Any CPU.Build.0 = Debug|Any CPU
		{FDB653A4-4100-43E8-B7DA-C38B3E71A798}.Release|Any CPU.ActiveCfg = Release|Any CPU
		{FDB653A4-4100-43E8-B7DA-C38B3E71A798}.Release|Any CPU.Build.0 = Release|Any CPU
		{994DB74E-6C91-49EE-BA88-1E4E0D89CD66}.Debug|Any CPU.ActiveCfg = Debug|Any CPU
		{994DB74E-6C91-49EE-BA88-1E4E0D89CD66}.Debug|Any CPU.Build.0 = Debug|Any CPU
		{994DB74E-6C91-49EE-BA88-1E4E0D89CD66}.Release|Any CPU.ActiveCfg = Release|Any CPU
		{994DB74E-6C91-49EE-BA88-1E4E0D89CD66}.Release|Any CPU.Build.0 = Release|Any CPU
		{649B20F5-77C9-4267-BC4D-485F5B2D8F5A}.Debug|Any CPU.ActiveCfg = Debug|Any CPU
		{649B20F5-77C9-4267-BC4D-485F5B2D8F5A}.Debug|Any CPU.Build.0 = Debug|Any CPU
		{649B20F5-77C9-4267-BC4D-485F5B2D8F5A}.Release|Any CPU.ActiveCfg = Release|Any CPU
		{649B20F5-77C9-4267-BC4D-485F5B2D8F5A}.Release|Any CPU.Build.0 = Release|Any CPU
		{20556A37-AC0F-4B9A-82F9-55E7C46C1F45}.Debug|Any CPU.ActiveCfg = Debug|Any CPU
		{20556A37-AC0F-4B9A-82F9-55E7C46C1F45}.Debug|Any CPU.Build.0 = Debug|Any CPU
		{20556A37-AC0F-4B9A-82F9-55E7C46C1F45}.Release|Any CPU.ActiveCfg = Release|Any CPU
		{20556A37-AC0F-4B9A-82F9-55E7C46C1F45}.Release|Any CPU.Build.0 = Release|Any CPU
		{0F5A2B3E-A0D6-457D-9A29-B82AFACDD3D8}.Debug|Any CPU.ActiveCfg = Debug|Any CPU
		{0F5A2B3E-A0D6-457D-9A29-B82AFACDD3D8}.Debug|Any CPU.Build.0 = Debug|Any CPU
		{0F5A2B3E-A0D6-457D-9A29-B82AFACDD3D8}.Release|Any CPU.ActiveCfg = Release|Any CPU
		{0F5A2B3E-A0D6-457D-9A29-B82AFACDD3D8}.Release|Any CPU.Build.0 = Release|Any CPU
	EndGlobalSection
	GlobalSection(NestedProjects) = preSolution
		{A506ADEE-0136-4A7B-B3C8-0D23C176F4DE} = {8C4B0F32-7C73-4C83-80AF-CDD992121D3D}
		{1249D39D-0F0F-494F-8235-0D52391E1191} = {8C4B0F32-7C73-4C83-80AF-CDD992121D3D}
		{2DB94CB0-DFAB-4E41-9186-EC6A32ED6DCA} = {8C4B0F32-7C73-4C83-80AF-CDD992121D3D}
		{F52CC293-9E1A-4CEA-991E-97CD69072252} = {8C4B0F32-7C73-4C83-80AF-CDD992121D3D}
		{BFCD9EE9-CC65-45C3-A63D-C80DB2B15F7C} = {8C4B0F32-7C73-4C83-80AF-CDD992121D3D}
		{D057CDF7-0E83-4350-BDCE-E3117D8D9B22} = {8C4B0F32-7C73-4C83-80AF-CDD992121D3D}
		{A4574E13-2DB6-4C01-A504-DA8D9FE752DA} = {8C4B0F32-7C73-4C83-80AF-CDD992121D3D}
		{F43C054D-E710-4E06-9E8E-FB8C856EFFD1} = {8C4B0F32-7C73-4C83-80AF-CDD992121D3D}
		{284E4508-3998-4E50-9C0B-356BB1CBBBDD} = {8C4B0F32-7C73-4C83-80AF-CDD992121D3D}
		{4BF19DEF-AF44-4D36-AEF5-B7DD4350E159} = {8C4B0F32-7C73-4C83-80AF-CDD992121D3D}
		{3BF9D8FE-6B10-42CA-A08C-9F2FB13285A9} = {D40302DA-D28B-4601-BD53-3A7D4405826B}
		{FDB653A4-4100-43E8-B7DA-C38B3E71A798} = {D40302DA-D28B-4601-BD53-3A7D4405826B}
		{994DB74E-6C91-49EE-BA88-1E4E0D89CD66} = {D40302DA-D28B-4601-BD53-3A7D4405826B}
		{649B20F5-77C9-4267-BC4D-485F5B2D8F5A} = {8C4B0F32-7C73-4C83-80AF-CDD992121D3D}
		{20556A37-AC0F-4B9A-82F9-55E7C46C1F45} = {8C4B0F32-7C73-4C83-80AF-CDD992121D3D}
		{0F5A2B3E-A0D6-457D-9A29-B82AFACDD3D8} = {8C4B0F32-7C73-4C83-80AF-CDD992121D3D}
	EndGlobalSection
EndGlobal
