
Microsoft Visual Studio Solution File, Format Version 12.00
# Visual Studio Version 16
VisualStudioVersion = 16.0.30907.101
MinimumVisualStudioVersion = 15.0.26124.0
Project("{2150E333-8FDC-42A3-9474-1A3956D46DE8}") = "src", "src", "{F361355D-1E99-4708-BF69-29D9BB6F46B6}"
EndProject
Project("{9A19103F-16F7-4668-BE54-9A1E7A4F7556}") = "Authoring.Abstractions", "src\Authoring.Abstractions\Authoring.Abstractions.csproj", "{DA99E65E-7407-4405-ADA8-876FD07B4997}"
EndProject
Project("{9A19103F-16F7-4668-BE54-9A1E7A4F7556}") = "Authoring.Core", "src\Authoring.Core\Authoring.Core.csproj", "{211D6C4C-1312-42B7-A7D0-FCAD848A9E92}"
EndProject
Project("{9A19103F-16F7-4668-BE54-9A1E7A4F7556}") = "Authoring.GraphQL", "src\Authoring.GraphQL\Authoring.GraphQL.csproj", "{368D3732-F948-4D62-8D2A-82A05089BC18}"
EndProject
Project("{9A19103F-16F7-4668-BE54-9A1E7A4F7556}") = "Authoring.Host", "src\Authoring.Host\Authoring.Host.csproj", "{DEBA7FA5-32EE-4799-9A01-71B1AA976EF9}"
EndProject
Project("{9A19103F-16F7-4668-BE54-9A1E7A4F7556}") = "Authoring.Store.Mongo", "src\Authoring.Store.Mongo\Authoring.Store.Mongo.csproj", "{4CD81182-D6D6-4560-AFBE-D6AB2B54A5F0}"
EndProject
Project("{2150E333-8FDC-42A3-9474-1A3956D46DE8}") = "test", "test", "{86DC8486-2F42-489C-A3C1-C15F12BF3B2A}"
EndProject
Project("{9A19103F-16F7-4668-BE54-9A1E7A4F7556}") = "Authoring.GraphQL.Tests", "test\Authoring.GraphQL.Tests\Authoring.GraphQL.Tests.csproj", "{1D6145A0-DA19-4A00-B7D8-E8FBCAB2FE1A}"
EndProject
Project("{9A19103F-16F7-4668-BE54-9A1E7A4F7556}") = "CryptoProviders.AzureKeyVault.Tests", "test\CryptoProviders.AzureKeyVault.Tests\CryptoProviders.AzureKeyVault.Tests.csproj", "{809C38D9-7B4B-4727-9950-6A41C0DC6504}"
EndProject
Project("{9A19103F-16F7-4668-BE54-9A1E7A4F7556}") = "Authoring.Store.Mongo.Tests", "test\Authoring.Store.Mongo.Tests\Authoring.Store.Mongo.Tests.csproj", "{57ABA1C0-E26E-4A63-9E06-6D21E3E168A9}"
EndProject
Project("{2150E333-8FDC-42A3-9474-1A3956D46DE8}") = "CryptoProviders", "CryptoProviders", "{637B0A04-64BB-46DE-BC2B-F97C7197D298}"
EndProject
Project("{9A19103F-16F7-4668-BE54-9A1E7A4F7556}") = "CryptoProviders.AzureKeyVault", "src\CryptoProviders.AzureKeyVault\CryptoProviders.AzureKeyVault.csproj", "{D669D79E-8E91-4748-A731-0A84B13132DC}"
EndProject
Project("{FAE04EC0-301F-11D3-BF4B-00C04F79EFBC}") = "Vault.Host", "src\Vault.Host\Vault.Host.csproj", "{232DCE69-C218-4C97-80FB-A056E5845E81}"
EndProject
Project("{2150E333-8FDC-42A3-9474-1A3956D46DE8}") = "Vault.Host", "Vault.Host", "{D9076D2E-CF20-401A-8094-BD6615C3CA58}"
EndProject
Project("{2150E333-8FDC-42A3-9474-1A3956D46DE8}") = "test", "test", "{6B0911A5-9BA8-404B-88A7-A7D31FCDEBC9}"
EndProject
Project("{FAE04EC0-301F-11D3-BF4B-00C04F79EFBC}") = "Authoring.GraphQL.Tests", "src\Vault.Host\test\Authoring.GraphQL.Tests\Authoring.GraphQL.Tests.csproj", "{543F4F9F-10C1-4950-8A5B-A70F168FAF9B}"
EndProject
Project("{FAE04EC0-301F-11D3-BF4B-00C04F79EFBC}") = "Authoring.Store.Mongo.Tests", "src\Vault.Host\test\Authoring.Store.Mongo.Tests\Authoring.Store.Mongo.Tests.csproj", "{62E45742-1B86-430C-98E7-A878857199B6}"
EndProject
Project("{FAE04EC0-301F-11D3-BF4B-00C04F79EFBC}") = "CryptoProviders.AzureKeyVault.Tests", "src\Vault.Host\test\CryptoProviders.AzureKeyVault.Tests\CryptoProviders.AzureKeyVault.Tests.csproj", "{DB130E69-F1BD-4C4C-967A-8A1F228BAE3C}"
EndProject
Project("{FAE04EC0-301F-11D3-BF4B-00C04F79EFBC}") = "Vault.Abstractions", "src\Vault.Abstractions\Vault.Abstractions.csproj", "{CE7D943D-1E92-4EA4-A1EB-2237E77E6371}"
EndProject
Project("{FAE04EC0-301F-11D3-BF4B-00C04F79EFBC}") = "Vault.Core", "src\Vault.Core\Vault.Core.csproj", "{456A7173-025F-4591-BE93-EB5EEF86963F}"
EndProject
Global
	GlobalSection(SolutionConfigurationPlatforms) = preSolution
		Debug|Any CPU = Debug|Any CPU
		Debug|x64 = Debug|x64
		Debug|x86 = Debug|x86
		Release|Any CPU = Release|Any CPU
		Release|x64 = Release|x64
		Release|x86 = Release|x86
	EndGlobalSection
	GlobalSection(ProjectConfigurationPlatforms) = postSolution
		{DA99E65E-7407-4405-ADA8-876FD07B4997}.Debug|Any CPU.ActiveCfg = Debug|Any CPU
		{DA99E65E-7407-4405-ADA8-876FD07B4997}.Debug|Any CPU.Build.0 = Debug|Any CPU
		{DA99E65E-7407-4405-ADA8-876FD07B4997}.Debug|x64.ActiveCfg = Debug|Any CPU
		{DA99E65E-7407-4405-ADA8-876FD07B4997}.Debug|x64.Build.0 = Debug|Any CPU
		{DA99E65E-7407-4405-ADA8-876FD07B4997}.Debug|x86.ActiveCfg = Debug|Any CPU
		{DA99E65E-7407-4405-ADA8-876FD07B4997}.Debug|x86.Build.0 = Debug|Any CPU
		{DA99E65E-7407-4405-ADA8-876FD07B4997}.Release|Any CPU.ActiveCfg = Release|Any CPU
		{DA99E65E-7407-4405-ADA8-876FD07B4997}.Release|Any CPU.Build.0 = Release|Any CPU
		{DA99E65E-7407-4405-ADA8-876FD07B4997}.Release|x64.ActiveCfg = Release|Any CPU
		{DA99E65E-7407-4405-ADA8-876FD07B4997}.Release|x64.Build.0 = Release|Any CPU
		{DA99E65E-7407-4405-ADA8-876FD07B4997}.Release|x86.ActiveCfg = Release|Any CPU
		{DA99E65E-7407-4405-ADA8-876FD07B4997}.Release|x86.Build.0 = Release|Any CPU
		{211D6C4C-1312-42B7-A7D0-FCAD848A9E92}.Debug|Any CPU.ActiveCfg = Debug|Any CPU
		{211D6C4C-1312-42B7-A7D0-FCAD848A9E92}.Debug|Any CPU.Build.0 = Debug|Any CPU
		{211D6C4C-1312-42B7-A7D0-FCAD848A9E92}.Debug|x64.ActiveCfg = Debug|Any CPU
		{211D6C4C-1312-42B7-A7D0-FCAD848A9E92}.Debug|x64.Build.0 = Debug|Any CPU
		{211D6C4C-1312-42B7-A7D0-FCAD848A9E92}.Debug|x86.ActiveCfg = Debug|Any CPU
		{211D6C4C-1312-42B7-A7D0-FCAD848A9E92}.Debug|x86.Build.0 = Debug|Any CPU
		{211D6C4C-1312-42B7-A7D0-FCAD848A9E92}.Release|Any CPU.ActiveCfg = Release|Any CPU
		{211D6C4C-1312-42B7-A7D0-FCAD848A9E92}.Release|Any CPU.Build.0 = Release|Any CPU
		{211D6C4C-1312-42B7-A7D0-FCAD848A9E92}.Release|x64.ActiveCfg = Release|Any CPU
		{211D6C4C-1312-42B7-A7D0-FCAD848A9E92}.Release|x64.Build.0 = Release|Any CPU
		{211D6C4C-1312-42B7-A7D0-FCAD848A9E92}.Release|x86.ActiveCfg = Release|Any CPU
		{211D6C4C-1312-42B7-A7D0-FCAD848A9E92}.Release|x86.Build.0 = Release|Any CPU
		{368D3732-F948-4D62-8D2A-82A05089BC18}.Debug|Any CPU.ActiveCfg = Debug|Any CPU
		{368D3732-F948-4D62-8D2A-82A05089BC18}.Debug|Any CPU.Build.0 = Debug|Any CPU
		{368D3732-F948-4D62-8D2A-82A05089BC18}.Debug|x64.ActiveCfg = Debug|Any CPU
		{368D3732-F948-4D62-8D2A-82A05089BC18}.Debug|x64.Build.0 = Debug|Any CPU
		{368D3732-F948-4D62-8D2A-82A05089BC18}.Debug|x86.ActiveCfg = Debug|Any CPU
		{368D3732-F948-4D62-8D2A-82A05089BC18}.Debug|x86.Build.0 = Debug|Any CPU
		{368D3732-F948-4D62-8D2A-82A05089BC18}.Release|Any CPU.ActiveCfg = Release|Any CPU
		{368D3732-F948-4D62-8D2A-82A05089BC18}.Release|Any CPU.Build.0 = Release|Any CPU
		{368D3732-F948-4D62-8D2A-82A05089BC18}.Release|x64.ActiveCfg = Release|Any CPU
		{368D3732-F948-4D62-8D2A-82A05089BC18}.Release|x64.Build.0 = Release|Any CPU
		{368D3732-F948-4D62-8D2A-82A05089BC18}.Release|x86.ActiveCfg = Release|Any CPU
		{368D3732-F948-4D62-8D2A-82A05089BC18}.Release|x86.Build.0 = Release|Any CPU
		{DEBA7FA5-32EE-4799-9A01-71B1AA976EF9}.Debug|Any CPU.ActiveCfg = Debug|Any CPU
		{DEBA7FA5-32EE-4799-9A01-71B1AA976EF9}.Debug|Any CPU.Build.0 = Debug|Any CPU
		{DEBA7FA5-32EE-4799-9A01-71B1AA976EF9}.Debug|x64.ActiveCfg = Debug|Any CPU
		{DEBA7FA5-32EE-4799-9A01-71B1AA976EF9}.Debug|x64.Build.0 = Debug|Any CPU
		{DEBA7FA5-32EE-4799-9A01-71B1AA976EF9}.Debug|x86.ActiveCfg = Debug|Any CPU
		{DEBA7FA5-32EE-4799-9A01-71B1AA976EF9}.Debug|x86.Build.0 = Debug|Any CPU
		{DEBA7FA5-32EE-4799-9A01-71B1AA976EF9}.Release|Any CPU.ActiveCfg = Release|Any CPU
		{DEBA7FA5-32EE-4799-9A01-71B1AA976EF9}.Release|Any CPU.Build.0 = Release|Any CPU
		{DEBA7FA5-32EE-4799-9A01-71B1AA976EF9}.Release|x64.ActiveCfg = Release|Any CPU
		{DEBA7FA5-32EE-4799-9A01-71B1AA976EF9}.Release|x64.Build.0 = Release|Any CPU
		{DEBA7FA5-32EE-4799-9A01-71B1AA976EF9}.Release|x86.ActiveCfg = Release|Any CPU
		{DEBA7FA5-32EE-4799-9A01-71B1AA976EF9}.Release|x86.Build.0 = Release|Any CPU
		{4CD81182-D6D6-4560-AFBE-D6AB2B54A5F0}.Debug|Any CPU.ActiveCfg = Debug|Any CPU
		{4CD81182-D6D6-4560-AFBE-D6AB2B54A5F0}.Debug|Any CPU.Build.0 = Debug|Any CPU
		{4CD81182-D6D6-4560-AFBE-D6AB2B54A5F0}.Debug|x64.ActiveCfg = Debug|Any CPU
		{4CD81182-D6D6-4560-AFBE-D6AB2B54A5F0}.Debug|x64.Build.0 = Debug|Any CPU
		{4CD81182-D6D6-4560-AFBE-D6AB2B54A5F0}.Debug|x86.ActiveCfg = Debug|Any CPU
		{4CD81182-D6D6-4560-AFBE-D6AB2B54A5F0}.Debug|x86.Build.0 = Debug|Any CPU
		{4CD81182-D6D6-4560-AFBE-D6AB2B54A5F0}.Release|Any CPU.ActiveCfg = Release|Any CPU
		{4CD81182-D6D6-4560-AFBE-D6AB2B54A5F0}.Release|Any CPU.Build.0 = Release|Any CPU
		{4CD81182-D6D6-4560-AFBE-D6AB2B54A5F0}.Release|x64.ActiveCfg = Release|Any CPU
		{4CD81182-D6D6-4560-AFBE-D6AB2B54A5F0}.Release|x64.Build.0 = Release|Any CPU
		{4CD81182-D6D6-4560-AFBE-D6AB2B54A5F0}.Release|x86.ActiveCfg = Release|Any CPU
		{4CD81182-D6D6-4560-AFBE-D6AB2B54A5F0}.Release|x86.Build.0 = Release|Any CPU
		{1D6145A0-DA19-4A00-B7D8-E8FBCAB2FE1A}.Debug|Any CPU.ActiveCfg = Debug|Any CPU
		{1D6145A0-DA19-4A00-B7D8-E8FBCAB2FE1A}.Debug|Any CPU.Build.0 = Debug|Any CPU
		{1D6145A0-DA19-4A00-B7D8-E8FBCAB2FE1A}.Debug|x64.ActiveCfg = Debug|Any CPU
		{1D6145A0-DA19-4A00-B7D8-E8FBCAB2FE1A}.Debug|x64.Build.0 = Debug|Any CPU
		{1D6145A0-DA19-4A00-B7D8-E8FBCAB2FE1A}.Debug|x86.ActiveCfg = Debug|Any CPU
		{1D6145A0-DA19-4A00-B7D8-E8FBCAB2FE1A}.Debug|x86.Build.0 = Debug|Any CPU
		{1D6145A0-DA19-4A00-B7D8-E8FBCAB2FE1A}.Release|Any CPU.ActiveCfg = Release|Any CPU
		{1D6145A0-DA19-4A00-B7D8-E8FBCAB2FE1A}.Release|Any CPU.Build.0 = Release|Any CPU
		{1D6145A0-DA19-4A00-B7D8-E8FBCAB2FE1A}.Release|x64.ActiveCfg = Release|Any CPU
		{1D6145A0-DA19-4A00-B7D8-E8FBCAB2FE1A}.Release|x64.Build.0 = Release|Any CPU
		{1D6145A0-DA19-4A00-B7D8-E8FBCAB2FE1A}.Release|x86.ActiveCfg = Release|Any CPU
		{1D6145A0-DA19-4A00-B7D8-E8FBCAB2FE1A}.Release|x86.Build.0 = Release|Any CPU
		{809C38D9-7B4B-4727-9950-6A41C0DC6504}.Debug|Any CPU.ActiveCfg = Debug|Any CPU
		{809C38D9-7B4B-4727-9950-6A41C0DC6504}.Debug|Any CPU.Build.0 = Debug|Any CPU
		{809C38D9-7B4B-4727-9950-6A41C0DC6504}.Debug|x64.ActiveCfg = Debug|Any CPU
		{809C38D9-7B4B-4727-9950-6A41C0DC6504}.Debug|x64.Build.0 = Debug|Any CPU
		{809C38D9-7B4B-4727-9950-6A41C0DC6504}.Debug|x86.ActiveCfg = Debug|Any CPU
		{809C38D9-7B4B-4727-9950-6A41C0DC6504}.Debug|x86.Build.0 = Debug|Any CPU
		{809C38D9-7B4B-4727-9950-6A41C0DC6504}.Release|Any CPU.ActiveCfg = Release|Any CPU
		{809C38D9-7B4B-4727-9950-6A41C0DC6504}.Release|Any CPU.Build.0 = Release|Any CPU
		{809C38D9-7B4B-4727-9950-6A41C0DC6504}.Release|x64.ActiveCfg = Release|Any CPU
		{809C38D9-7B4B-4727-9950-6A41C0DC6504}.Release|x64.Build.0 = Release|Any CPU
		{809C38D9-7B4B-4727-9950-6A41C0DC6504}.Release|x86.ActiveCfg = Release|Any CPU
		{809C38D9-7B4B-4727-9950-6A41C0DC6504}.Release|x86.Build.0 = Release|Any CPU
		{57ABA1C0-E26E-4A63-9E06-6D21E3E168A9}.Debug|Any CPU.ActiveCfg = Debug|Any CPU
		{57ABA1C0-E26E-4A63-9E06-6D21E3E168A9}.Debug|Any CPU.Build.0 = Debug|Any CPU
		{57ABA1C0-E26E-4A63-9E06-6D21E3E168A9}.Debug|x64.ActiveCfg = Debug|Any CPU
		{57ABA1C0-E26E-4A63-9E06-6D21E3E168A9}.Debug|x64.Build.0 = Debug|Any CPU
		{57ABA1C0-E26E-4A63-9E06-6D21E3E168A9}.Debug|x86.ActiveCfg = Debug|Any CPU
		{57ABA1C0-E26E-4A63-9E06-6D21E3E168A9}.Debug|x86.Build.0 = Debug|Any CPU
		{57ABA1C0-E26E-4A63-9E06-6D21E3E168A9}.Release|Any CPU.ActiveCfg = Release|Any CPU
		{57ABA1C0-E26E-4A63-9E06-6D21E3E168A9}.Release|Any CPU.Build.0 = Release|Any CPU
		{57ABA1C0-E26E-4A63-9E06-6D21E3E168A9}.Release|x64.ActiveCfg = Release|Any CPU
		{57ABA1C0-E26E-4A63-9E06-6D21E3E168A9}.Release|x64.Build.0 = Release|Any CPU
		{57ABA1C0-E26E-4A63-9E06-6D21E3E168A9}.Release|x86.ActiveCfg = Release|Any CPU
		{57ABA1C0-E26E-4A63-9E06-6D21E3E168A9}.Release|x86.Build.0 = Release|Any CPU
		{D669D79E-8E91-4748-A731-0A84B13132DC}.Debug|Any CPU.ActiveCfg = Debug|Any CPU
		{D669D79E-8E91-4748-A731-0A84B13132DC}.Debug|Any CPU.Build.0 = Debug|Any CPU
		{D669D79E-8E91-4748-A731-0A84B13132DC}.Debug|x64.ActiveCfg = Debug|Any CPU
		{D669D79E-8E91-4748-A731-0A84B13132DC}.Debug|x64.Build.0 = Debug|Any CPU
		{D669D79E-8E91-4748-A731-0A84B13132DC}.Debug|x86.ActiveCfg = Debug|Any CPU
		{D669D79E-8E91-4748-A731-0A84B13132DC}.Debug|x86.Build.0 = Debug|Any CPU
		{D669D79E-8E91-4748-A731-0A84B13132DC}.Release|Any CPU.ActiveCfg = Release|Any CPU
		{D669D79E-8E91-4748-A731-0A84B13132DC}.Release|Any CPU.Build.0 = Release|Any CPU
		{D669D79E-8E91-4748-A731-0A84B13132DC}.Release|x64.ActiveCfg = Release|Any CPU
		{D669D79E-8E91-4748-A731-0A84B13132DC}.Release|x64.Build.0 = Release|Any CPU
		{D669D79E-8E91-4748-A731-0A84B13132DC}.Release|x86.ActiveCfg = Release|Any CPU
		{D669D79E-8E91-4748-A731-0A84B13132DC}.Release|x86.Build.0 = Release|Any CPU
		{232DCE69-C218-4C97-80FB-A056E5845E81}.Debug|Any CPU.ActiveCfg = Debug|Any CPU
		{232DCE69-C218-4C97-80FB-A056E5845E81}.Debug|Any CPU.Build.0 = Debug|Any CPU
		{232DCE69-C218-4C97-80FB-A056E5845E81}.Debug|x64.ActiveCfg = Debug|Any CPU
		{232DCE69-C218-4C97-80FB-A056E5845E81}.Debug|x64.Build.0 = Debug|Any CPU
		{232DCE69-C218-4C97-80FB-A056E5845E81}.Debug|x86.ActiveCfg = Debug|Any CPU
		{232DCE69-C218-4C97-80FB-A056E5845E81}.Debug|x86.Build.0 = Debug|Any CPU
		{232DCE69-C218-4C97-80FB-A056E5845E81}.Release|Any CPU.ActiveCfg = Release|Any CPU
		{232DCE69-C218-4C97-80FB-A056E5845E81}.Release|Any CPU.Build.0 = Release|Any CPU
		{232DCE69-C218-4C97-80FB-A056E5845E81}.Release|x64.ActiveCfg = Release|Any CPU
		{232DCE69-C218-4C97-80FB-A056E5845E81}.Release|x64.Build.0 = Release|Any CPU
		{232DCE69-C218-4C97-80FB-A056E5845E81}.Release|x86.ActiveCfg = Release|Any CPU
		{232DCE69-C218-4C97-80FB-A056E5845E81}.Release|x86.Build.0 = Release|Any CPU
		{543F4F9F-10C1-4950-8A5B-A70F168FAF9B}.Debug|Any CPU.ActiveCfg = Debug|Any CPU
		{543F4F9F-10C1-4950-8A5B-A70F168FAF9B}.Debug|Any CPU.Build.0 = Debug|Any CPU
		{543F4F9F-10C1-4950-8A5B-A70F168FAF9B}.Debug|x64.ActiveCfg = Debug|Any CPU
		{543F4F9F-10C1-4950-8A5B-A70F168FAF9B}.Debug|x64.Build.0 = Debug|Any CPU
		{543F4F9F-10C1-4950-8A5B-A70F168FAF9B}.Debug|x86.ActiveCfg = Debug|Any CPU
		{543F4F9F-10C1-4950-8A5B-A70F168FAF9B}.Debug|x86.Build.0 = Debug|Any CPU
		{543F4F9F-10C1-4950-8A5B-A70F168FAF9B}.Release|Any CPU.ActiveCfg = Release|Any CPU
		{543F4F9F-10C1-4950-8A5B-A70F168FAF9B}.Release|Any CPU.Build.0 = Release|Any CPU
		{543F4F9F-10C1-4950-8A5B-A70F168FAF9B}.Release|x64.ActiveCfg = Release|Any CPU
		{543F4F9F-10C1-4950-8A5B-A70F168FAF9B}.Release|x64.Build.0 = Release|Any CPU
		{543F4F9F-10C1-4950-8A5B-A70F168FAF9B}.Release|x86.ActiveCfg = Release|Any CPU
		{543F4F9F-10C1-4950-8A5B-A70F168FAF9B}.Release|x86.Build.0 = Release|Any CPU
		{62E45742-1B86-430C-98E7-A878857199B6}.Debug|Any CPU.ActiveCfg = Debug|Any CPU
		{62E45742-1B86-430C-98E7-A878857199B6}.Debug|Any CPU.Build.0 = Debug|Any CPU
		{62E45742-1B86-430C-98E7-A878857199B6}.Debug|x64.ActiveCfg = Debug|Any CPU
		{62E45742-1B86-430C-98E7-A878857199B6}.Debug|x64.Build.0 = Debug|Any CPU
		{62E45742-1B86-430C-98E7-A878857199B6}.Debug|x86.ActiveCfg = Debug|Any CPU
		{62E45742-1B86-430C-98E7-A878857199B6}.Debug|x86.Build.0 = Debug|Any CPU
		{62E45742-1B86-430C-98E7-A878857199B6}.Release|Any CPU.ActiveCfg = Release|Any CPU
		{62E45742-1B86-430C-98E7-A878857199B6}.Release|Any CPU.Build.0 = Release|Any CPU
		{62E45742-1B86-430C-98E7-A878857199B6}.Release|x64.ActiveCfg = Release|Any CPU
		{62E45742-1B86-430C-98E7-A878857199B6}.Release|x64.Build.0 = Release|Any CPU
		{62E45742-1B86-430C-98E7-A878857199B6}.Release|x86.ActiveCfg = Release|Any CPU
		{62E45742-1B86-430C-98E7-A878857199B6}.Release|x86.Build.0 = Release|Any CPU
		{DB130E69-F1BD-4C4C-967A-8A1F228BAE3C}.Debug|Any CPU.ActiveCfg = Debug|Any CPU
		{DB130E69-F1BD-4C4C-967A-8A1F228BAE3C}.Debug|Any CPU.Build.0 = Debug|Any CPU
		{DB130E69-F1BD-4C4C-967A-8A1F228BAE3C}.Debug|x64.ActiveCfg = Debug|Any CPU
		{DB130E69-F1BD-4C4C-967A-8A1F228BAE3C}.Debug|x64.Build.0 = Debug|Any CPU
		{DB130E69-F1BD-4C4C-967A-8A1F228BAE3C}.Debug|x86.ActiveCfg = Debug|Any CPU
		{DB130E69-F1BD-4C4C-967A-8A1F228BAE3C}.Debug|x86.Build.0 = Debug|Any CPU
		{DB130E69-F1BD-4C4C-967A-8A1F228BAE3C}.Release|Any CPU.ActiveCfg = Release|Any CPU
		{DB130E69-F1BD-4C4C-967A-8A1F228BAE3C}.Release|Any CPU.Build.0 = Release|Any CPU
		{DB130E69-F1BD-4C4C-967A-8A1F228BAE3C}.Release|x64.ActiveCfg = Release|Any CPU
		{DB130E69-F1BD-4C4C-967A-8A1F228BAE3C}.Release|x64.Build.0 = Release|Any CPU
		{DB130E69-F1BD-4C4C-967A-8A1F228BAE3C}.Release|x86.ActiveCfg = Release|Any CPU
		{DB130E69-F1BD-4C4C-967A-8A1F228BAE3C}.Release|x86.Build.0 = Release|Any CPU
		{CE7D943D-1E92-4EA4-A1EB-2237E77E6371}.Debug|Any CPU.ActiveCfg = Debug|Any CPU
		{CE7D943D-1E92-4EA4-A1EB-2237E77E6371}.Debug|Any CPU.Build.0 = Debug|Any CPU
		{CE7D943D-1E92-4EA4-A1EB-2237E77E6371}.Debug|x64.ActiveCfg = Debug|Any CPU
		{CE7D943D-1E92-4EA4-A1EB-2237E77E6371}.Debug|x64.Build.0 = Debug|Any CPU
		{CE7D943D-1E92-4EA4-A1EB-2237E77E6371}.Debug|x86.ActiveCfg = Debug|Any CPU
		{CE7D943D-1E92-4EA4-A1EB-2237E77E6371}.Debug|x86.Build.0 = Debug|Any CPU
		{CE7D943D-1E92-4EA4-A1EB-2237E77E6371}.Release|Any CPU.ActiveCfg = Release|Any CPU
		{CE7D943D-1E92-4EA4-A1EB-2237E77E6371}.Release|Any CPU.Build.0 = Release|Any CPU
		{CE7D943D-1E92-4EA4-A1EB-2237E77E6371}.Release|x64.ActiveCfg = Release|Any CPU
		{CE7D943D-1E92-4EA4-A1EB-2237E77E6371}.Release|x64.Build.0 = Release|Any CPU
		{CE7D943D-1E92-4EA4-A1EB-2237E77E6371}.Release|x86.ActiveCfg = Release|Any CPU
		{CE7D943D-1E92-4EA4-A1EB-2237E77E6371}.Release|x86.Build.0 = Release|Any CPU
		{456A7173-025F-4591-BE93-EB5EEF86963F}.Debug|Any CPU.ActiveCfg = Debug|Any CPU
		{456A7173-025F-4591-BE93-EB5EEF86963F}.Debug|Any CPU.Build.0 = Debug|Any CPU
		{456A7173-025F-4591-BE93-EB5EEF86963F}.Debug|x64.ActiveCfg = Debug|Any CPU
		{456A7173-025F-4591-BE93-EB5EEF86963F}.Debug|x64.Build.0 = Debug|Any CPU
		{456A7173-025F-4591-BE93-EB5EEF86963F}.Debug|x86.ActiveCfg = Debug|Any CPU
		{456A7173-025F-4591-BE93-EB5EEF86963F}.Debug|x86.Build.0 = Debug|Any CPU
		{456A7173-025F-4591-BE93-EB5EEF86963F}.Release|Any CPU.ActiveCfg = Release|Any CPU
		{456A7173-025F-4591-BE93-EB5EEF86963F}.Release|Any CPU.Build.0 = Release|Any CPU
		{456A7173-025F-4591-BE93-EB5EEF86963F}.Release|x64.ActiveCfg = Release|Any CPU
		{456A7173-025F-4591-BE93-EB5EEF86963F}.Release|x64.Build.0 = Release|Any CPU
		{456A7173-025F-4591-BE93-EB5EEF86963F}.Release|x86.ActiveCfg = Release|Any CPU
		{456A7173-025F-4591-BE93-EB5EEF86963F}.Release|x86.Build.0 = Release|Any CPU
	EndGlobalSection
	GlobalSection(SolutionProperties) = preSolution
		HideSolutionNode = FALSE
	EndGlobalSection
	GlobalSection(NestedProjects) = preSolution
		{DA99E65E-7407-4405-ADA8-876FD07B4997} = {F361355D-1E99-4708-BF69-29D9BB6F46B6}
		{211D6C4C-1312-42B7-A7D0-FCAD848A9E92} = {F361355D-1E99-4708-BF69-29D9BB6F46B6}
		{368D3732-F948-4D62-8D2A-82A05089BC18} = {F361355D-1E99-4708-BF69-29D9BB6F46B6}
		{DEBA7FA5-32EE-4799-9A01-71B1AA976EF9} = {F361355D-1E99-4708-BF69-29D9BB6F46B6}
		{4CD81182-D6D6-4560-AFBE-D6AB2B54A5F0} = {F361355D-1E99-4708-BF69-29D9BB6F46B6}
		{1D6145A0-DA19-4A00-B7D8-E8FBCAB2FE1A} = {86DC8486-2F42-489C-A3C1-C15F12BF3B2A}
		{809C38D9-7B4B-4727-9950-6A41C0DC6504} = {86DC8486-2F42-489C-A3C1-C15F12BF3B2A}
		{637B0A04-64BB-46DE-BC2B-F97C7197D298} = {F361355D-1E99-4708-BF69-29D9BB6F46B6}
		{D669D79E-8E91-4748-A731-0A84B13132DC} = {637B0A04-64BB-46DE-BC2B-F97C7197D298}
		{57ABA1C0-E26E-4A63-9E06-6D21E3E168A9} = {86DC8486-2F42-489C-A3C1-C15F12BF3B2A}
		{232DCE69-C218-4C97-80FB-A056E5845E81} = {F361355D-1E99-4708-BF69-29D9BB6F46B6}
		{D9076D2E-CF20-401A-8094-BD6615C3CA58} = {F361355D-1E99-4708-BF69-29D9BB6F46B6}
		{6B0911A5-9BA8-404B-88A7-A7D31FCDEBC9} = {D9076D2E-CF20-401A-8094-BD6615C3CA58}
		{543F4F9F-10C1-4950-8A5B-A70F168FAF9B} = {6B0911A5-9BA8-404B-88A7-A7D31FCDEBC9}
		{62E45742-1B86-430C-98E7-A878857199B6} = {6B0911A5-9BA8-404B-88A7-A7D31FCDEBC9}
		{DB130E69-F1BD-4C4C-967A-8A1F228BAE3C} = {6B0911A5-9BA8-404B-88A7-A7D31FCDEBC9}
		{CE7D943D-1E92-4EA4-A1EB-2237E77E6371} = {F361355D-1E99-4708-BF69-29D9BB6F46B6}
		{456A7173-025F-4591-BE93-EB5EEF86963F} = {F361355D-1E99-4708-BF69-29D9BB6F46B6}
	EndGlobalSection
	GlobalSection(ExtensibilityGlobals) = postSolution
		SolutionGuid = {70318B76-53F3-46B9-8327-26B31A0D3A75}
	EndGlobalSection
EndGlobal
